
Microsoft Visual Studio Solution File, Format Version 12.00
# Visual Studio Version 17
VisualStudioVersion = 17.8.34525.116
MinimumVisualStudioVersion = 10.0.40219.1
Project("{9A19103F-16F7-4668-BE54-9A1E7A4F7556}") = "CRMWeb", "CRMWeb\CRMWeb.csproj", "{40991C2A-64DA-436D-BE7F-4CF6BC45F623}"
EndProject
Global
	GlobalSection(SolutionConfigurationPlatforms) = preSolution
		Debug|Any CPU = Debug|Any CPU
		Release|Any CPU = Release|Any CPU
	EndGlobalSection
	GlobalSection(ProjectConfigurationPlatforms) = postSolution
		{40991C2A-64DA-436D-BE7F-4CF6BC45F623}.Debug|Any CPU.ActiveCfg = Debug|Any CPU
		{40991C2A-64DA-436D-BE7F-4CF6BC45F623}.Debug|Any CPU.Build.0 = Debug|Any CPU
		{40991C2A-64DA-436D-BE7F-4CF6BC45F623}.Release|Any CPU.ActiveCfg = Release|Any CPU
		{40991C2A-64DA-436D-BE7F-4CF6BC45F623}.Release|Any CPU.Build.0 = Release|Any CPU
	EndGlobalSection
	GlobalSection(SolutionProperties) = preSolution
		HideSolutionNode = FALSE
	EndGlobalSection
	GlobalSection(ExtensibilityGlobals) = postSolution
		SolutionGuid = {61F75A03-5B91-4D51-938E-FF8AB1942D43}
	EndGlobalSection
EndGlobal
